
Microsoft Visual Studio Solution File, Format Version 12.00
# Visual Studio Version 16
VisualStudioVersion = 16.0.31105.61
MinimumVisualStudioVersion = 10.0.40219.1
Project("{9A19103F-16F7-4668-BE54-9A1E7A4F7556}") = "PipelineCost.Intermediary", "CostWebApi\PipelineCost.Intermediary.csproj", "{374566A6-E900-4696-8B46-895511BECA0B}"
EndProject
Project("{9A19103F-16F7-4668-BE54-9A1E7A4F7556}") = "PipelineCost.Core", "SentinelCost.Core\PipelineCost.Core.csproj", "{926491B9-FF0A-46E7-B12F-5594976571B4}"
EndProject
Project("{9A19103F-16F7-4668-BE54-9A1E7A4F7556}") = "PipelineCost.Agent", "SentinelCostReader\PipelineCost.Agent.csproj", "{6DE1BB12-4816-4549-BBE4-C1E0F873B8FE}"
EndProject
Project("{FAE04EC0-301F-11D3-BF4B-00C04F79EFBC}") = "HelloWorld.Console", "HelloWorld.Console\HelloWorld.Console.csproj", "{53D033E0-536C-463B-8E18-EE14AFD118D5}"
EndProject
Project("{FAE04EC0-301F-11D3-BF4B-00C04F79EFBC}") = "HelloWorldWPF", "..\HelloWorldWPF\HelloWorldWPF.csproj", "{5F2B8B9D-BD15-4999-B12D-953181D100C3}"
EndProject
Project("{9A19103F-16F7-4668-BE54-9A1E7A4F7556}") = "HelloWorldBlazor", "HelloWorld.Blazor\HelloWorldBlazor.csproj", "{BEFDD476-45A2-4E58-B048-7160CB37A674}"
EndProject
Global
	GlobalSection(SolutionConfigurationPlatforms) = preSolution
		Debug|Any CPU = Debug|Any CPU
		Release|Any CPU = Release|Any CPU
	EndGlobalSection
	GlobalSection(ProjectConfigurationPlatforms) = postSolution
		{374566A6-E900-4696-8B46-895511BECA0B}.Debug|Any CPU.ActiveCfg = Debug|Any CPU
		{374566A6-E900-4696-8B46-895511BECA0B}.Debug|Any CPU.Build.0 = Debug|Any CPU
		{374566A6-E900-4696-8B46-895511BECA0B}.Release|Any CPU.ActiveCfg = Release|Any CPU
		{374566A6-E900-4696-8B46-895511BECA0B}.Release|Any CPU.Build.0 = Release|Any CPU
		{926491B9-FF0A-46E7-B12F-5594976571B4}.Debug|Any CPU.ActiveCfg = Debug|Any CPU
		{926491B9-FF0A-46E7-B12F-5594976571B4}.Debug|Any CPU.Build.0 = Debug|Any CPU
		{926491B9-FF0A-46E7-B12F-5594976571B4}.Release|Any CPU.ActiveCfg = Release|Any CPU
		{926491B9-FF0A-46E7-B12F-5594976571B4}.Release|Any CPU.Build.0 = Release|Any CPU
		{6DE1BB12-4816-4549-BBE4-C1E0F873B8FE}.Debug|Any CPU.ActiveCfg = Debug|Any CPU
		{6DE1BB12-4816-4549-BBE4-C1E0F873B8FE}.Debug|Any CPU.Build.0 = Debug|Any CPU
		{6DE1BB12-4816-4549-BBE4-C1E0F873B8FE}.Release|Any CPU.ActiveCfg = Release|Any CPU
		{6DE1BB12-4816-4549-BBE4-C1E0F873B8FE}.Release|Any CPU.Build.0 = Release|Any CPU
		{53D033E0-536C-463B-8E18-EE14AFD118D5}.Debug|Any CPU.ActiveCfg = Debug|Any CPU
		{53D033E0-536C-463B-8E18-EE14AFD118D5}.Debug|Any CPU.Build.0 = Debug|Any CPU
		{53D033E0-536C-463B-8E18-EE14AFD118D5}.Release|Any CPU.ActiveCfg = Release|Any CPU
		{53D033E0-536C-463B-8E18-EE14AFD118D5}.Release|Any CPU.Build.0 = Release|Any CPU
		{5F2B8B9D-BD15-4999-B12D-953181D100C3}.Debug|Any CPU.ActiveCfg = Debug|Any CPU
		{5F2B8B9D-BD15-4999-B12D-953181D100C3}.Debug|Any CPU.Build.0 = Debug|Any CPU
		{5F2B8B9D-BD15-4999-B12D-953181D100C3}.Release|Any CPU.ActiveCfg = Release|Any CPU
		{5F2B8B9D-BD15-4999-B12D-953181D100C3}.Release|Any CPU.Build.0 = Release|Any CPU
		{BEFDD476-45A2-4E58-B048-7160CB37A674}.Debug|Any CPU.ActiveCfg = Debug|Any CPU
		{BEFDD476-45A2-4E58-B048-7160CB37A674}.Debug|Any CPU.Build.0 = Debug|Any CPU
		{BEFDD476-45A2-4E58-B048-7160CB37A674}.Release|Any CPU.ActiveCfg = Release|Any CPU
		{BEFDD476-45A2-4E58-B048-7160CB37A674}.Release|Any CPU.Build.0 = Release|Any CPU
	EndGlobalSection
	GlobalSection(SolutionProperties) = preSolution
		HideSolutionNode = FALSE
	EndGlobalSection
	GlobalSection(ExtensibilityGlobals) = postSolution
		SolutionGuid = {27A5C01C-F2A4-464F-B404-FAF64F67D447}
	EndGlobalSection
EndGlobal
